
Microsoft Visual Studio Solution File, Format Version 12.00
# Visual Studio Version 17
VisualStudioVersion = 17.5.002.0
MinimumVisualStudioVersion = 10.0.40219.1
Project("{9A19103F-16F7-4668-BE54-9A1E7A4F7556}") = "learn-dot-net", "learn-dot-net.csproj", "{B362CC41-970E-4F7B-9BAD-2E24B09A63F8}"
EndProject
Global
	GlobalSection(SolutionConfigurationPlatforms) = preSolution
		Debug|Any CPU = Debug|Any CPU
		Release|Any CPU = Release|Any CPU
	EndGlobalSection
	GlobalSection(ProjectConfigurationPlatforms) = postSolution
		{B362CC41-970E-4F7B-9BAD-2E24B09A63F8}.Debug|Any CPU.ActiveCfg = Debug|Any CPU
		{B362CC41-970E-4F7B-9BAD-2E24B09A63F8}.Debug|Any CPU.Build.0 = Debug|Any CPU
		{B362CC41-970E-4F7B-9BAD-2E24B09A63F8}.Release|Any CPU.ActiveCfg = Release|Any CPU
		{B362CC41-970E-4F7B-9BAD-2E24B09A63F8}.Release|Any CPU.Build.0 = Release|Any CPU
	EndGlobalSection
	GlobalSection(SolutionProperties) = preSolution
		HideSolutionNode = FALSE
	EndGlobalSection
	GlobalSection(ExtensibilityGlobals) = postSolution
		SolutionGuid = {C091C804-A39B-45D4-889D-461FD927659F}
	EndGlobalSection
EndGlobal
